// !$*UTF8*$!
{
	archiveVersion = 1;
	classes = {
	};
	objectVersion = 50;
	objects = {

/* Begin PBXBuildFile section */
		9000E84A21B3214800984DD1 /* AppDelegate.swift in Sources */ = {isa = PBXBuildFile; fileRef = 9000E84921B3214800984DD1 /* AppDelegate.swift */; };
		9000E84C21B3214800984DD1 /* ViewController.swift in Sources */ = {isa = PBXBuildFile; fileRef = 9000E84B21B3214800984DD1 /* ViewController.swift */; };
		9000E84F21B3214800984DD1 /* Main.storyboard in Resources */ = {isa = PBXBuildFile; fileRef = 9000E84D21B3214800984DD1 /* Main.storyboard */; };
		9000E85221B3214800984DD1 /* wheresmycar.xcdatamodeld in Sources */ = {isa = PBXBuildFile; fileRef = 9000E85021B3214800984DD1 /* wheresmycar.xcdatamodeld */; };
		9000E85421B3214A00984DD1 /* Assets.xcassets in Resources */ = {isa = PBXBuildFile; fileRef = 9000E85321B3214A00984DD1 /* Assets.xcassets */; };
		9000E85721B3214A00984DD1 /* LaunchScreen.storyboard in Resources */ = {isa = PBXBuildFile; fileRef = 9000E85521B3214A00984DD1 /* LaunchScreen.storyboard */; };
		9000E86221B3214A00984DD1 /* wheresmycarTests.swift in Sources */ = {isa = PBXBuildFile; fileRef = 9000E86121B3214A00984DD1 /* wheresmycarTests.swift */; };
		9000E86D21B3214A00984DD1 /* wheresmycarUITests.swift in Sources */ = {isa = PBXBuildFile; fileRef = 9000E86C21B3214A00984DD1 /* wheresmycarUITests.swift */; };
		9000E87C21B321F600984DD1 /* CamViewController.swift in Sources */ = {isa = PBXBuildFile; fileRef = 9000E87B21B321F600984DD1 /* CamViewController.swift */; };
		9000E87F21B32F1A00984DD1 /* Util.swift in Sources */ = {isa = PBXBuildFile; fileRef = 9000E87E21B32F1A00984DD1 /* Util.swift */; };
		9000E88121B336CC00984DD1 /* Card.swift in Sources */ = {isa = PBXBuildFile; fileRef = 9000E88021B336CC00984DD1 /* Card.swift */; };
		9000E88321B3379D00984DD1 /* Section.swift in Sources */ = {isa = PBXBuildFile; fileRef = 9000E88221B3379D00984DD1 /* Section.swift */; };
		90BC7F1F21B43ED8006FCE87 /* Beacon.swift in Sources */ = {isa = PBXBuildFile; fileRef = 90BC7F1E21B43ED8006FCE87 /* Beacon.swift */; };
		90BC7F6121B45B14006FCE87 /* GameScene.sks in Resources */ = {isa = PBXBuildFile; fileRef = 90BC7F6021B45B14006FCE87 /* GameScene.sks */; };
		90BC7F6521B46152006FCE87 /* GameScene.swift in Sources */ = {isa = PBXBuildFile; fileRef = 90BC7F6421B46152006FCE87 /* GameScene.swift */; };
		90BC7F6721B47130006FCE87 /* MapViewController.swift in Sources */ = {isa = PBXBuildFile; fileRef = 90BC7F6621B47130006FCE87 /* MapViewController.swift */; };
/* End PBXBuildFile section */

/* Begin PBXContainerItemProxy section */
		9000E85E21B3214A00984DD1 /* PBXContainerItemProxy */ = {
			isa = PBXContainerItemProxy;
			containerPortal = 9000E83E21B3214800984DD1 /* Project object */;
			proxyType = 1;
			remoteGlobalIDString = 9000E84521B3214800984DD1;
			remoteInfo = wheresmycar;
		};
		9000E86921B3214A00984DD1 /* PBXContainerItemProxy */ = {
			isa = PBXContainerItemProxy;
			containerPortal = 9000E83E21B3214800984DD1 /* Project object */;
			proxyType = 1;
			remoteGlobalIDString = 9000E84521B3214800984DD1;
			remoteInfo = wheresmycar;
		};
/* End PBXContainerItemProxy section */

/* Begin PBXFileReference section */
		9000E84621B3214800984DD1 /* wheresmycar.app */ = {isa = PBXFileReference; explicitFileType = wrapper.application; includeInIndex = 0; path = wheresmycar.app; sourceTree = BUILT_PRODUCTS_DIR; };
		9000E84921B3214800984DD1 /* AppDelegate.swift */ = {isa = PBXFileReference; lastKnownFileType = sourcecode.swift; path = AppDelegate.swift; sourceTree = "<group>"; };
		9000E84B21B3214800984DD1 /* ViewController.swift */ = {isa = PBXFileReference; lastKnownFileType = sourcecode.swift; path = ViewController.swift; sourceTree = "<group>"; };
		9000E84E21B3214800984DD1 /* Base */ = {isa = PBXFileReference; lastKnownFileType = file.storyboard; name = Base; path = Base.lproj/Main.storyboard; sourceTree = "<group>"; };
		9000E85121B3214800984DD1 /* wheresmycar.xcdatamodel */ = {isa = PBXFileReference; lastKnownFileType = wrapper.xcdatamodel; path = wheresmycar.xcdatamodel; sourceTree = "<group>"; };
		9000E85321B3214A00984DD1 /* Assets.xcassets */ = {isa = PBXFileReference; lastKnownFileType = folder.assetcatalog; path = Assets.xcassets; sourceTree = "<group>"; };
		9000E85621B3214A00984DD1 /* Base */ = {isa = PBXFileReference; lastKnownFileType = file.storyboard; name = Base; path = Base.lproj/LaunchScreen.storyboard; sourceTree = "<group>"; };
		9000E85821B3214A00984DD1 /* Info.plist */ = {isa = PBXFileReference; lastKnownFileType = text.plist.xml; path = Info.plist; sourceTree = "<group>"; };
		9000E85D21B3214A00984DD1 /* wheresmycarTests.xctest */ = {isa = PBXFileReference; explicitFileType = wrapper.cfbundle; includeInIndex = 0; path = wheresmycarTests.xctest; sourceTree = BUILT_PRODUCTS_DIR; };
		9000E86121B3214A00984DD1 /* wheresmycarTests.swift */ = {isa = PBXFileReference; lastKnownFileType = sourcecode.swift; path = wheresmycarTests.swift; sourceTree = "<group>"; };
		9000E86321B3214A00984DD1 /* Info.plist */ = {isa = PBXFileReference; lastKnownFileType = text.plist.xml; path = Info.plist; sourceTree = "<group>"; };
		9000E86821B3214A00984DD1 /* wheresmycarUITests.xctest */ = {isa = PBXFileReference; explicitFileType = wrapper.cfbundle; includeInIndex = 0; path = wheresmycarUITests.xctest; sourceTree = BUILT_PRODUCTS_DIR; };
		9000E86C21B3214A00984DD1 /* wheresmycarUITests.swift */ = {isa = PBXFileReference; lastKnownFileType = sourcecode.swift; path = wheresmycarUITests.swift; sourceTree = "<group>"; };
		9000E86E21B3214A00984DD1 /* Info.plist */ = {isa = PBXFileReference; lastKnownFileType = text.plist.xml; path = Info.plist; sourceTree = "<group>"; };
		9000E87B21B321F600984DD1 /* CamViewController.swift */ = {isa = PBXFileReference; lastKnownFileType = sourcecode.swift; path = CamViewController.swift; sourceTree = "<group>"; };
		9000E87E21B32F1A00984DD1 /* Util.swift */ = {isa = PBXFileReference; lastKnownFileType = sourcecode.swift; path = Util.swift; sourceTree = "<group>"; };
		9000E88021B336CC00984DD1 /* Card.swift */ = {isa = PBXFileReference; lastKnownFileType = sourcecode.swift; path = Card.swift; sourceTree = "<group>"; };
		9000E88221B3379D00984DD1 /* Section.swift */ = {isa = PBXFileReference; lastKnownFileType = sourcecode.swift; path = Section.swift; sourceTree = "<group>"; };
		90BC7F1E21B43ED8006FCE87 /* Beacon.swift */ = {isa = PBXFileReference; lastKnownFileType = sourcecode.swift; path = Beacon.swift; sourceTree = "<group>"; };
		90BC7F6021B45B14006FCE87 /* GameScene.sks */ = {isa = PBXFileReference; lastKnownFileType = file.sks; path = GameScene.sks; sourceTree = "<group>"; };
		90BC7F6421B46152006FCE87 /* GameScene.swift */ = {isa = PBXFileReference; fileEncoding = 4; lastKnownFileType = sourcecode.swift; path = GameScene.swift; sourceTree = "<group>"; };
		90BC7F6621B47130006FCE87 /* MapViewController.swift */ = {isa = PBXFileReference; lastKnownFileType = sourcecode.swift; path = MapViewController.swift; sourceTree = "<group>"; };
/* End PBXFileReference section */

/* Begin PBXFrameworksBuildPhase section */
		9000E84321B3214800984DD1 /* Frameworks */ = {
			isa = PBXFrameworksBuildPhase;
			buildActionMask = 2147483647;
			files = (
			);
			runOnlyForDeploymentPostprocessing = 0;
		};
		9000E85A21B3214A00984DD1 /* Frameworks */ = {
			isa = PBXFrameworksBuildPhase;
			buildActionMask = 2147483647;
			files = (
			);
			runOnlyForDeploymentPostprocessing = 0;
		};
		9000E86521B3214A00984DD1 /* Frameworks */ = {
			isa = PBXFrameworksBuildPhase;
			buildActionMask = 2147483647;
			files = (
			);
			runOnlyForDeploymentPostprocessing = 0;
		};
/* End PBXFrameworksBuildPhase section */

/* Begin PBXGroup section */
		9000E83D21B3214800984DD1 = {
			isa = PBXGroup;
			children = (
				9000E84821B3214800984DD1 /* wheresmycar */,
				9000E86021B3214A00984DD1 /* wheresmycarTests */,
				9000E86B21B3214A00984DD1 /* wheresmycarUITests */,
				9000E84721B3214800984DD1 /* Products */,
			);
			sourceTree = "<group>";
		};
		9000E84721B3214800984DD1 /* Products */ = {
			isa = PBXGroup;
			children = (
				9000E84621B3214800984DD1 /* wheresmycar.app */,
				9000E85D21B3214A00984DD1 /* wheresmycarTests.xctest */,
				9000E86821B3214A00984DD1 /* wheresmycarUITests.xctest */,
			);
			name = Products;
			sourceTree = "<group>";
		};
		9000E84821B3214800984DD1 /* wheresmycar */ = {
			isa = PBXGroup;
			children = (
				9000E87D21B32F0C00984DD1 /* model */,
				9000E87A21B321C100984DD1 /* viewControllers */,
				9000E84921B3214800984DD1 /* AppDelegate.swift */,
				9000E84D21B3214800984DD1 /* Main.storyboard */,
				9000E85321B3214A00984DD1 /* Assets.xcassets */,
				9000E85521B3214A00984DD1 /* LaunchScreen.storyboard */,
				9000E85821B3214A00984DD1 /* Info.plist */,
				9000E85021B3214800984DD1 /* wheresmycar.xcdatamodeld */,
			);
			path = wheresmycar;
			sourceTree = "<group>";
		};
		9000E86021B3214A00984DD1 /* wheresmycarTests */ = {
			isa = PBXGroup;
			children = (
				9000E86121B3214A00984DD1 /* wheresmycarTests.swift */,
				9000E86321B3214A00984DD1 /* Info.plist */,
			);
			path = wheresmycarTests;
			sourceTree = "<group>";
		};
		9000E86B21B3214A00984DD1 /* wheresmycarUITests */ = {
			isa = PBXGroup;
			children = (
				9000E86C21B3214A00984DD1 /* wheresmycarUITests.swift */,
				9000E86E21B3214A00984DD1 /* Info.plist */,
			);
			path = wheresmycarUITests;
			sourceTree = "<group>";
		};
		9000E87A21B321C100984DD1 /* viewControllers */ = {
			isa = PBXGroup;
			children = (
				90BC7F6421B46152006FCE87 /* GameScene.swift */,
				90BC7F6021B45B14006FCE87 /* GameScene.sks */,
				9000E84B21B3214800984DD1 /* ViewController.swift */,
				9000E87B21B321F600984DD1 /* CamViewController.swift */,
				90BC7F6621B47130006FCE87 /* MapViewController.swift */,
			);
			path = viewControllers;
			sourceTree = "<group>";
		};
		9000E87D21B32F0C00984DD1 /* model */ = {
			isa = PBXGroup;
			children = (
				9000E87E21B32F1A00984DD1 /* Util.swift */,
				9000E88021B336CC00984DD1 /* Card.swift */,
				9000E88221B3379D00984DD1 /* Section.swift */,
				90BC7F1E21B43ED8006FCE87 /* Beacon.swift */,
			);
			path = model;
			sourceTree = "<group>";
		};
/* End PBXGroup section */

/* Begin PBXNativeTarget section */
		9000E84521B3214800984DD1 /* wheresmycar */ = {
			isa = PBXNativeTarget;
			buildConfigurationList = 9000E87121B3214A00984DD1 /* Build configuration list for PBXNativeTarget "wheresmycar" */;
			buildPhases = (
				9000E84221B3214800984DD1 /* Sources */,
				9000E84321B3214800984DD1 /* Frameworks */,
				9000E84421B3214800984DD1 /* Resources */,
			);
			buildRules = (
			);
			dependencies = (
			);
			name = wheresmycar;
			productName = wheresmycar;
			productReference = 9000E84621B3214800984DD1 /* wheresmycar.app */;
			productType = "com.apple.product-type.application";
		};
		9000E85C21B3214A00984DD1 /* wheresmycarTests */ = {
			isa = PBXNativeTarget;
			buildConfigurationList = 9000E87421B3214A00984DD1 /* Build configuration list for PBXNativeTarget "wheresmycarTests" */;
			buildPhases = (
				9000E85921B3214A00984DD1 /* Sources */,
				9000E85A21B3214A00984DD1 /* Frameworks */,
				9000E85B21B3214A00984DD1 /* Resources */,
			);
			buildRules = (
			);
			dependencies = (
				9000E85F21B3214A00984DD1 /* PBXTargetDependency */,
			);
			name = wheresmycarTests;
			productName = wheresmycarTests;
			productReference = 9000E85D21B3214A00984DD1 /* wheresmycarTests.xctest */;
			productType = "com.apple.product-type.bundle.unit-test";
		};
		9000E86721B3214A00984DD1 /* wheresmycarUITests */ = {
			isa = PBXNativeTarget;
			buildConfigurationList = 9000E87721B3214A00984DD1 /* Build configuration list for PBXNativeTarget "wheresmycarUITests" */;
			buildPhases = (
				9000E86421B3214A00984DD1 /* Sources */,
				9000E86521B3214A00984DD1 /* Frameworks */,
				9000E86621B3214A00984DD1 /* Resources */,
			);
			buildRules = (
			);
			dependencies = (
				9000E86A21B3214A00984DD1 /* PBXTargetDependency */,
			);
			name = wheresmycarUITests;
			productName = wheresmycarUITests;
			productReference = 9000E86821B3214A00984DD1 /* wheresmycarUITests.xctest */;
			productType = "com.apple.product-type.bundle.ui-testing";
		};
/* End PBXNativeTarget section */

/* Begin PBXProject section */
		9000E83E21B3214800984DD1 /* Project object */ = {
			isa = PBXProject;
			attributes = {
				LastSwiftUpdateCheck = 1010;
				LastUpgradeCheck = 1010;
				ORGANIZATIONNAME = "Isaac Douglas";
				TargetAttributes = {
					9000E84521B3214800984DD1 = {
						CreatedOnToolsVersion = 10.1;
					};
					9000E85C21B3214A00984DD1 = {
						CreatedOnToolsVersion = 10.1;
						TestTargetID = 9000E84521B3214800984DD1;
					};
					9000E86721B3214A00984DD1 = {
						CreatedOnToolsVersion = 10.1;
						TestTargetID = 9000E84521B3214800984DD1;
					};
				};
			};
			buildConfigurationList = 9000E84121B3214800984DD1 /* Build configuration list for PBXProject "wheresmycar" */;
			compatibilityVersion = "Xcode 9.3";
			developmentRegion = en;
			hasScannedForEncodings = 0;
			knownRegions = (
				en,
				Base,
			);
			mainGroup = 9000E83D21B3214800984DD1;
			productRefGroup = 9000E84721B3214800984DD1 /* Products */;
			projectDirPath = "";
			projectRoot = "";
			targets = (
				9000E84521B3214800984DD1 /* wheresmycar */,
				9000E85C21B3214A00984DD1 /* wheresmycarTests */,
				9000E86721B3214A00984DD1 /* wheresmycarUITests */,
			);
		};
/* End PBXProject section */

/* Begin PBXResourcesBuildPhase section */
		9000E84421B3214800984DD1 /* Resources */ = {
			isa = PBXResourcesBuildPhase;
			buildActionMask = 2147483647;
			files = (
				9000E85721B3214A00984DD1 /* LaunchScreen.storyboard in Resources */,
				9000E85421B3214A00984DD1 /* Assets.xcassets in Resources */,
				90BC7F6121B45B14006FCE87 /* GameScene.sks in Resources */,
				9000E84F21B3214800984DD1 /* Main.storyboard in Resources */,
			);
			runOnlyForDeploymentPostprocessing = 0;
		};
		9000E85B21B3214A00984DD1 /* Resources */ = {
			isa = PBXResourcesBuildPhase;
			buildActionMask = 2147483647;
			files = (
			);
			runOnlyForDeploymentPostprocessing = 0;
		};
		9000E86621B3214A00984DD1 /* Resources */ = {
			isa = PBXResourcesBuildPhase;
			buildActionMask = 2147483647;
			files = (
			);
			runOnlyForDeploymentPostprocessing = 0;
		};
/* End PBXResourcesBuildPhase section */

/* Begin PBXSourcesBuildPhase section */
		9000E84221B3214800984DD1 /* Sources */ = {
			isa = PBXSourcesBuildPhase;
			buildActionMask = 2147483647;
			files = (
				90BC7F6521B46152006FCE87 /* GameScene.swift in Sources */,
				9000E84C21B3214800984DD1 /* ViewController.swift in Sources */,
				9000E88121B336CC00984DD1 /* Card.swift in Sources */,
				90BC7F6721B47130006FCE87 /* MapViewController.swift in Sources */,
				9000E84A21B3214800984DD1 /* AppDelegate.swift in Sources */,
				9000E88321B3379D00984DD1 /* Section.swift in Sources */,
				9000E87F21B32F1A00984DD1 /* Util.swift in Sources */,
				9000E87C21B321F600984DD1 /* CamViewController.swift in Sources */,
				9000E85221B3214800984DD1 /* wheresmycar.xcdatamodeld in Sources */,
				90BC7F1F21B43ED8006FCE87 /* Beacon.swift in Sources */,
			);
			runOnlyForDeploymentPostprocessing = 0;
		};
		9000E85921B3214A00984DD1 /* Sources */ = {
			isa = PBXSourcesBuildPhase;
			buildActionMask = 2147483647;
			files = (
				9000E86221B3214A00984DD1 /* wheresmycarTests.swift in Sources */,
			);
			runOnlyForDeploymentPostprocessing = 0;
		};
		9000E86421B3214A00984DD1 /* Sources */ = {
			isa = PBXSourcesBuildPhase;
			buildActionMask = 2147483647;
			files = (
				9000E86D21B3214A00984DD1 /* wheresmycarUITests.swift in Sources */,
			);
			runOnlyForDeploymentPostprocessing = 0;
		};
/* End PBXSourcesBuildPhase section */

/* Begin PBXTargetDependency section */
		9000E85F21B3214A00984DD1 /* PBXTargetDependency */ = {
			isa = PBXTargetDependency;
			target = 9000E84521B3214800984DD1 /* wheresmycar */;
			targetProxy = 9000E85E21B3214A00984DD1 /* PBXContainerItemProxy */;
		};
		9000E86A21B3214A00984DD1 /* PBXTargetDependency */ = {
			isa = PBXTargetDependency;
			target = 9000E84521B3214800984DD1 /* wheresmycar */;
			targetProxy = 9000E86921B3214A00984DD1 /* PBXContainerItemProxy */;
		};
/* End PBXTargetDependency section */

/* Begin PBXVariantGroup section */
		9000E84D21B3214800984DD1 /* Main.storyboard */ = {
			isa = PBXVariantGroup;
			children = (
				9000E84E21B3214800984DD1 /* Base */,
			);
			name = Main.storyboard;
			sourceTree = "<group>";
		};
		9000E85521B3214A00984DD1 /* LaunchScreen.storyboard */ = {
			isa = PBXVariantGroup;
			children = (
				9000E85621B3214A00984DD1 /* Base */,
			);
			name = LaunchScreen.storyboard;
			sourceTree = "<group>";
		};
/* End PBXVariantGroup section */

/* Begin XCBuildConfiguration section */
		9000E86F21B3214A00984DD1 /* Debug */ = {
			isa = XCBuildConfiguration;
			buildSettings = {
				ALWAYS_SEARCH_USER_PATHS = NO;
				CLANG_ANALYZER_NONNULL = YES;
				CLANG_ANALYZER_NUMBER_OBJECT_CONVERSION = YES_AGGRESSIVE;
				CLANG_CXX_LANGUAGE_STANDARD = "gnu++14";
				CLANG_CXX_LIBRARY = "libc++";
				CLANG_ENABLE_MODULES = YES;
				CLANG_ENABLE_OBJC_ARC = YES;
				CLANG_ENABLE_OBJC_WEAK = YES;
				CLANG_WARN_BLOCK_CAPTURE_AUTORELEASING = YES;
				CLANG_WARN_BOOL_CONVERSION = YES;
				CLANG_WARN_COMMA = YES;
				CLANG_WARN_CONSTANT_CONVERSION = YES;
				CLANG_WARN_DEPRECATED_OBJC_IMPLEMENTATIONS = YES;
				CLANG_WARN_DIRECT_OBJC_ISA_USAGE = YES_ERROR;
				CLANG_WARN_DOCUMENTATION_COMMENTS = YES;
				CLANG_WARN_EMPTY_BODY = YES;
				CLANG_WARN_ENUM_CONVERSION = YES;
				CLANG_WARN_INFINITE_RECURSION = YES;
				CLANG_WARN_INT_CONVERSION = YES;
				CLANG_WARN_NON_LITERAL_NULL_CONVERSION = YES;
				CLANG_WARN_OBJC_IMPLICIT_RETAIN_SELF = YES;
				CLANG_WARN_OBJC_LITERAL_CONVERSION = YES;
				CLANG_WARN_OBJC_ROOT_CLASS = YES_ERROR;
				CLANG_WARN_RANGE_LOOP_ANALYSIS = YES;
				CLANG_WARN_STRICT_PROTOTYPES = YES;
				CLANG_WARN_SUSPICIOUS_MOVE = YES;
				CLANG_WARN_UNGUARDED_AVAILABILITY = YES_AGGRESSIVE;
				CLANG_WARN_UNREACHABLE_CODE = YES;
				CLANG_WARN__DUPLICATE_METHOD_MATCH = YES;
				CODE_SIGN_IDENTITY = "iPhone Developer";
				COPY_PHASE_STRIP = NO;
				DEBUG_INFORMATION_FORMAT = dwarf;
				ENABLE_STRICT_OBJC_MSGSEND = YES;
				ENABLE_TESTABILITY = YES;
				GCC_C_LANGUAGE_STANDARD = gnu11;
				GCC_DYNAMIC_NO_PIC = NO;
				GCC_NO_COMMON_BLOCKS = YES;
				GCC_OPTIMIZATION_LEVEL = 0;
				GCC_PREPROCESSOR_DEFINITIONS = (
					"DEBUG=1",
					"$(inherited)",
				);
				GCC_WARN_64_TO_32_BIT_CONVERSION = YES;
				GCC_WARN_ABOUT_RETURN_TYPE = YES_ERROR;
				GCC_WARN_UNDECLARED_SELECTOR = YES;
				GCC_WARN_UNINITIALIZED_AUTOS = YES_AGGRESSIVE;
				GCC_WARN_UNUSED_FUNCTION = YES;
				GCC_WARN_UNUSED_VARIABLE = YES;
				IPHONEOS_DEPLOYMENT_TARGET = 12.1;
				MTL_ENABLE_DEBUG_INFO = INCLUDE_SOURCE;
				MTL_FAST_MATH = YES;
				ONLY_ACTIVE_ARCH = YES;
				SDKROOT = iphoneos;
				SWIFT_ACTIVE_COMPILATION_CONDITIONS = DEBUG;
				SWIFT_OPTIMIZATION_LEVEL = "-Onone";
			};
			name = Debug;
		};
		9000E87021B3214A00984DD1 /* Release */ = {
			isa = XCBuildConfiguration;
			buildSettings = {
				ALWAYS_SEARCH_USER_PATHS = NO;
				CLANG_ANALYZER_NONNULL = YES;
				CLANG_ANALYZER_NUMBER_OBJECT_CONVERSION = YES_AGGRESSIVE;
				CLANG_CXX_LANGUAGE_STANDARD = "gnu++14";
				CLANG_CXX_LIBRARY = "libc++";
				CLANG_ENABLE_MODULES = YES;
				CLANG_ENABLE_OBJC_ARC = YES;
				CLANG_ENABLE_OBJC_WEAK = YES;
				CLANG_WARN_BLOCK_CAPTURE_AUTORELEASING = YES;
				CLANG_WARN_BOOL_CONVERSION = YES;
				CLANG_WARN_COMMA = YES;
				CLANG_WARN_CONSTANT_CONVERSION = YES;
				CLANG_WARN_DEPRECATED_OBJC_IMPLEMENTATIONS = YES;
				CLANG_WARN_DIRECT_OBJC_ISA_USAGE = YES_ERROR;
				CLANG_WARN_DOCUMENTATION_COMMENTS = YES;
				CLANG_WARN_EMPTY_BODY = YES;
				CLANG_WARN_ENUM_CONVERSION = YES;
				CLANG_WARN_INFINITE_RECURSION = YES;
				CLANG_WARN_INT_CONVERSION = YES;
				CLANG_WARN_NON_LITERAL_NULL_CONVERSION = YES;
				CLANG_WARN_OBJC_IMPLICIT_RETAIN_SELF = YES;
				CLANG_WARN_OBJC_LITERAL_CONVERSION = YES;
				CLANG_WARN_OBJC_ROOT_CLASS = YES_ERROR;
				CLANG_WARN_RANGE_LOOP_ANALYSIS = YES;
				CLANG_WARN_STRICT_PROTOTYPES = YES;
				CLANG_WARN_SUSPICIOUS_MOVE = YES;
				CLANG_WARN_UNGUARDED_AVAILABILITY = YES_AGGRESSIVE;
				CLANG_WARN_UNREACHABLE_CODE = YES;
				CLANG_WARN__DUPLICATE_METHOD_MATCH = YES;
				CODE_SIGN_IDENTITY = "iPhone Developer";
				COPY_PHASE_STRIP = NO;
				DEBUG_INFORMATION_FORMAT = "dwarf-with-dsym";
				ENABLE_NS_ASSERTIONS = NO;
				ENABLE_STRICT_OBJC_MSGSEND = YES;
				GCC_C_LANGUAGE_STANDARD = gnu11;
				GCC_NO_COMMON_BLOCKS = YES;
				GCC_WARN_64_TO_32_BIT_CONVERSION = YES;
				GCC_WARN_ABOUT_RETURN_TYPE = YES_ERROR;
				GCC_WARN_UNDECLARED_SELECTOR = YES;
				GCC_WARN_UNINITIALIZED_AUTOS = YES_AGGRESSIVE;
				GCC_WARN_UNUSED_FUNCTION = YES;
				GCC_WARN_UNUSED_VARIABLE = YES;
				IPHONEOS_DEPLOYMENT_TARGET = 12.1;
				MTL_ENABLE_DEBUG_INFO = NO;
				MTL_FAST_MATH = YES;
				SDKROOT = iphoneos;
				SWIFT_COMPILATION_MODE = wholemodule;
				SWIFT_OPTIMIZATION_LEVEL = "-O";
				VALIDATE_PRODUCT = YES;
			};
			name = Release;
		};
		9000E87221B3214A00984DD1 /* Debug */ = {
			isa = XCBuildConfiguration;
			buildSettings = {
				ASSETCATALOG_COMPILER_APPICON_NAME = AppIcon;
				CODE_SIGN_STYLE = Automatic;
				DEVELOPMENT_TEAM = X6894J2449;
				INFOPLIST_FILE = wheresmycar/Info.plist;
				LD_RUNPATH_SEARCH_PATHS = (
					"$(inherited)",
					"@executable_path/Frameworks",
				);
				PRODUCT_BUNDLE_IDENTIFIER = br.ufpe.cin.wheresmycar;
				PRODUCT_NAME = "$(TARGET_NAME)";
				SWIFT_VERSION = 4.2;
				TARGETED_DEVICE_FAMILY = "1,2";
			};
			name = Debug;
		};
		9000E87321B3214A00984DD1 /* Release */ = {
			isa = XCBuildConfiguration;
			buildSettings = {
				ASSETCATALOG_COMPILER_APPICON_NAME = AppIcon;
				CODE_SIGN_STYLE = Automatic;
				DEVELOPMENT_TEAM = X6894J2449;
				INFOPLIST_FILE = wheresmycar/Info.plist;
				LD_RUNPATH_SEARCH_PATHS = (
					"$(inherited)",
					"@executable_path/Frameworks",
				);
				PRODUCT_BUNDLE_IDENTIFIER = br.ufpe.cin.wheresmycar;
				PRODUCT_NAME = "$(TARGET_NAME)";
				SWIFT_VERSION = 4.2;
				TARGETED_DEVICE_FAMILY = "1,2";
			};
			name = Release;
		};
		9000E87521B3214A00984DD1 /* Debug */ = {
			isa = XCBuildConfiguration;
			buildSettings = {
				ALWAYS_EMBED_SWIFT_STANDARD_LIBRARIES = YES;
				BUNDLE_LOADER = "$(TEST_HOST)";
				CODE_SIGN_STYLE = Automatic;
				DEVELOPMENT_TEAM = X6894J2449;
				INFOPLIST_FILE = wheresmycarTests/Info.plist;
				LD_RUNPATH_SEARCH_PATHS = (
					"$(inherited)",
					"@executable_path/Frameworks",
					"@loader_path/Frameworks",
				);
				PRODUCT_BUNDLE_IDENTIFIER = br.ufpe.cin.wheresmycarTests;
				PRODUCT_NAME = "$(TARGET_NAME)";
				SWIFT_VERSION = 4.2;
				TARGETED_DEVICE_FAMILY = "1,2";
				TEST_HOST = "$(BUILT_PRODUCTS_DIR)/wheresmycar.app/wheresmycar";
			};
			name = Debug;
		};
		9000E87621B3214A00984DD1 /* Release */ = {
			isa = XCBuildConfiguration;
			buildSettings = {
				ALWAYS_EMBED_SWIFT_STANDARD_LIBRARIES = YES;
				BUNDLE_LOADER = "$(TEST_HOST)";
				CODE_SIGN_STYLE = Automatic;
				DEVELOPMENT_TEAM = X6894J2449;
				INFOPLIST_FILE = wheresmycarTests/Info.plist;
				LD_RUNPATH_SEARCH_PATHS = (
					"$(inherited)",
					"@executable_path/Frameworks",
					"@loader_path/Frameworks",
				);
				PRODUCT_BUNDLE_IDENTIFIER = br.ufpe.cin.wheresmycarTests;
				PRODUCT_NAME = "$(TARGET_NAME)";
				SWIFT_VERSION = 4.2;
				TARGETED_DEVICE_FAMILY = "1,2";
				TEST_HOST = "$(BUILT_PRODUCTS_DIR)/wheresmycar.app/wheresmycar";
			};
			name = Release;
		};
		9000E87821B3214A00984DD1 /* Debug */ = {
			isa = XCBuildConfiguration;
			buildSettings = {
				ALWAYS_EMBED_SWIFT_STANDARD_LIBRARIES = YES;
				CODE_SIGN_STYLE = Automatic;
				DEVELOPMENT_TEAM = X6894J2449;
				INFOPLIST_FILE = wheresmycarUITests/Info.plist;
				LD_RUNPATH_SEARCH_PATHS = (
					"$(inherited)",
					"@executable_path/Frameworks",
					"@loader_path/Frameworks",
				);
				PRODUCT_BUNDLE_IDENTIFIER = br.ufpe.cin.wheresmycarUITests;
				PRODUCT_NAME = "$(TARGET_NAME)";
				SWIFT_VERSION = 4.2;
				TARGETED_DEVICE_FAMILY = "1,2";
				TEST_TARGET_NAME = wheresmycar;
			};
			name = Debug;
		};
		9000E87921B3214A00984DD1 /* Release */ = {
			isa = XCBuildConfiguration;
			buildSettings = {
				ALWAYS_EMBED_SWIFT_STANDARD_LIBRARIES = YES;
				CODE_SIGN_STYLE = Automatic;
				DEVELOPMENT_TEAM = X6894J2449;
				INFOPLIST_FILE = wheresmycarUITests/Info.plist;
				LD_RUNPATH_SEARCH_PATHS = (
					"$(inherited)",
					"@executable_path/Frameworks",
					"@loader_path/Frameworks",
				);
				PRODUCT_BUNDLE_IDENTIFIER = br.ufpe.cin.wheresmycarUITests;
				PRODUCT_NAME = "$(TARGET_NAME)";
				SWIFT_VERSION = 4.2;
				TARGETED_DEVICE_FAMILY = "1,2";
				TEST_TARGET_NAME = wheresmycar;
			};
			name = Release;
		};
/* End XCBuildConfiguration section */

/* Begin XCConfigurationList section */
		9000E84121B3214800984DD1 /* Build configuration list for PBXProject "wheresmycar" */ = {
			isa = XCConfigurationList;
			buildConfigurations = (
				9000E86F21B3214A00984DD1 /* Debug */,
				9000E87021B3214A00984DD1 /* Release */,
			);
			defaultConfigurationIsVisible = 0;
			defaultConfigurationName = Release;
		};
		9000E87121B3214A00984DD1 /* Build configuration list for PBXNativeTarget "wheresmycar" */ = {
			isa = XCConfigurationList;
			buildConfigurations = (
				9000E87221B3214A00984DD1 /* Debug */,
				9000E87321B3214A00984DD1 /* Release */,
			);
			defaultConfigurationIsVisible = 0;
			defaultConfigurationName = Release;
		};
		9000E87421B3214A00984DD1 /* Build configuration list for PBXNativeTarget "wheresmycarTests" */ = {
			isa = XCConfigurationList;
			buildConfigurations = (
				9000E87521B3214A00984DD1 /* Debug */,
				9000E87621B3214A00984DD1 /* Release */,
			);
			defaultConfigurationIsVisible = 0;
			defaultConfigurationName = Release;
		};
		9000E87721B3214A00984DD1 /* Build configuration list for PBXNativeTarget "wheresmycarUITests" */ = {
			isa = XCConfigurationList;
			buildConfigurations = (
				9000E87821B3214A00984DD1 /* Debug */,
				9000E87921B3214A00984DD1 /* Release */,
			);
			defaultConfigurationIsVisible = 0;
			defaultConfigurationName = Release;
		};
/* End XCConfigurationList section */

/* Begin XCVersionGroup section */
		9000E85021B3214800984DD1 /* wheresmycar.xcdatamodeld */ = {
			isa = XCVersionGroup;
			children = (
				9000E85121B3214800984DD1 /* wheresmycar.xcdatamodel */,
			);
			currentVersion = 9000E85121B3214800984DD1 /* wheresmycar.xcdatamodel */;
			path = wheresmycar.xcdatamodeld;
			sourceTree = "<group>";
			versionGroupType = wrapper.xcdatamodel;
		};
/* End XCVersionGroup section */
	};
	rootObject = 9000E83E21B3214800984DD1 /* Project object */;
}
